
Microsoft Visual Studio Solution File, Format Version 12.00
# Visual Studio Version 16
VisualStudioVersion = 16.0.808.2
MinimumVisualStudioVersion = 10.0.40219.1
Project("{FAE04EC0-301F-11D3-BF4B-00C04F79EFBC}") = "CSharp_test", "CSharp_test\CSharp_test.csproj", "{674031BB-5B4B-4080-BBFF-1016B894F749}"
EndProject
Global
	GlobalSection(SolutionConfigurationPlatforms) = preSolution
		Debug|Any CPU = Debug|Any CPU
		Release|Any CPU = Release|Any CPU
	EndGlobalSection
	GlobalSection(ProjectConfigurationPlatforms) = postSolution
		{674031BB-5B4B-4080-BBFF-1016B894F749}.Debug|Any CPU.ActiveCfg = Debug|Any CPU
		{674031BB-5B4B-4080-BBFF-1016B894F749}.Debug|Any CPU.Build.0 = Debug|Any CPU
		{674031BB-5B4B-4080-BBFF-1016B894F749}.Release|Any CPU.ActiveCfg = Release|Any CPU
		{674031BB-5B4B-4080-BBFF-1016B894F749}.Release|Any CPU.Build.0 = Release|Any CPU
	EndGlobalSection
	GlobalSection(SolutionProperties) = preSolution
		HideSolutionNode = FALSE
	EndGlobalSection
	GlobalSection(ExtensibilityGlobals) = postSolution
		SolutionGuid = {A337C37F-A045-4B3E-9CBA-3166D4208B14}
	EndGlobalSection
EndGlobal
